
Microsoft Visual Studio Solution File, Format Version 12.00
# Visual Studio Version 17
VisualStudioVersion = 17.14.36429.23 d17.14
MinimumVisualStudioVersion = 10.0.40219.1
Project("{8BC9CEB8-8B4A-11D0-8D11-00A0C91BC942}") = "GameDebug", "GameDebug\GameDebug.vcxproj", "{9BDC5312-7DB2-476C-89E2-4139E6F45324}"
EndProject
Global
	GlobalSection(SolutionConfigurationPlatforms) = preSolution
		Debug|x64 = Debug|x64
		Debug|x86 = Debug|x86
		Release|x64 = Release|x64
		Release|x86 = Release|x86
	EndGlobalSection
	GlobalSection(ProjectConfigurationPlatforms) = postSolution
		{9BDC5312-7DB2-476C-89E2-4139E6F45324}.Debug|x64.ActiveCfg = Debug|x64
		{9BDC5312-7DB2-476C-89E2-4139E6F45324}.Debug|x64.Build.0 = Debug|x64
		{9BDC5312-7DB2-476C-89E2-4139E6F45324}.Debug|x86.ActiveCfg = Debug|Win32
		{9BDC5312-7DB2-476C-89E2-4139E6F45324}.Debug|x86.Build.0 = Debug|Win32
		{9BDC5312-7DB2-476C-89E2-4139E6F45324}.Release|x64.ActiveCfg = Release|x64
		{9BDC5312-7DB2-476C-89E2-4139E6F45324}.Release|x64.Build.0 = Release|x64
		{9BDC5312-7DB2-476C-89E2-4139E6F45324}.Release|x86.ActiveCfg = Release|Win32
		{9BDC5312-7DB2-476C-89E2-4139E6F45324}.Release|x86.Build.0 = Release|Win32
	EndGlobalSection
	GlobalSection(SolutionProperties) = preSolution
		HideSolutionNode = FALSE
	EndGlobalSection
	GlobalSection(ExtensibilityGlobals) = postSolution
		SolutionGuid = {123AD7C2-DED4-4814-A730-9EF954F61311}
	EndGlobalSection
EndGlobal
